{
  "version": 4,
  "terraform_version": "1.10.5",
  "serial": 16,
  "lineage": "48ba0bfa-a153-9910-a540-a6fbba13f5e1",
  "outputs": {},
  "resources": [
    {
      "mode": "managed",
      "type": "esxi_guest",
      "name": "database_servers",
      "provider": "provider[\"registry.terraform.io/josenk/esxi\"]",
      "instances": [
        {
          "index_key": 0,
          "schema_version": 0,
          "attributes": {
            "boot_disk_size": null,
            "boot_disk_type": "thin",
            "boot_firmware": "bios",
            "clone_from_vm": null,
            "disk_store": "Datastore",
            "guest_name": "database_server_1",
            "guest_shutdown_timeout": 20,
            "guest_startup_timeout": 120,
            "guestinfo": {
              "metadata": "I2Nsb3VkLWNvbmZpZwoKbG9jYWwtaG9zdG5hbWU6IGRhdGFiYXNlX3NlcnZlcg==",
              "metadata.encoding": "base64",
              "userdata": "I2Nsb3VkLWNvbmZpZwoKcGFja2FnZXM6CiAgLSB3Z2V0CiAgLSBudHBkYXRlCgp1c2VyczoKICAtIG5hbWU6IG1pa2tvCiAgICBzdWRvOiBbICJBTEw9KEFMTCkgTk9QQVNTV0Q6QUxMIiBdCiAgICBzc2gtYXV0aG9yaXplZC1rZXlzOgogICAgICAtIHNzaC1lZDI1NTE5IEFBQUFDM056YUMxbFpESTFOVEU1QUFBQUlIdEdzbTZldmNYUGhOMlVoYjdHVllJeW5VUERRWnV2MVNSN2ZLeWJQRm12IGxleHd1QERFU0tUT1AtS0lFUFRDRgogICAgICAtIHNzaC1lZDI1NTE5IEFBQUFDM056YUMxbFpESTFOVEU1QUFBQUlPSUNvUkpzWWJhZFRDaXdnODJTaktDNzJwWGIxeUFmUjl6U2dmeGFVQ00wIG1pa2tvQG1pa2tvLVhQUzEzLTkzMzMKICAgICAgLSBzc2gtZWQyNTUxOSBBQUFBQzNOemFDMWxaREkxTlRFNUFBQUFJSjNtNGNLT3lCYkNMZnJHOUt5VDlsYWtMcG5aNGhZanVzY05rdjAwc005byBtaWtrb0BERVNLVE9QLUtJRVBUQ0YKICAgICAgLSBzc2gtcnNhIEFBQUFCM056YUMxeWMyRUFBQUFEQVFBQkFBQUJnUURkaVdjdTZWdEhNOENpdjBZeEN3MEdwNHVmYmEyWUdMMzVmSVYwR2R5NGRpNVU0U2pnRmZ2eUV5UTNtSXhtSFQ0MDVDMGpyTUw2SFpGc3htR3V0dElNQ29PbFdhd2c5a3FNcHBxbEJFVXpGRUY5cmhndGdmYXdIU3FSdFgwUURHWmR6SkdjbEloNE8yYUd1cGRZajluMjhFWmYyRzZLMFpoOFY2QW4zRkxLYUtubmFnSW90aE5FZkFNS2hYQzVyc1psQmZOemtvTzBBdVYva2V0VXpaMkh3V0VNalYwNjVTWVdMbUk2RnA2ems2cVNrV0xDamNwTmxTUEhzWndweTh6OG04WHZWaGx6UTFBRmwzWURoajJGb3JBUDZBY3JYQU5MUlBSSDFSV0VFL0dDV2w4NUFuMTE0c0VmYjJoV0dRdDNFMzNNanUvY0lMN0dWUWJzeUg1VXFlOWtySm8xcDEyNkgzbC9YUzZnQklZTWJPOC95bFB5WDNmT0gwNWxjNTJWcWU3RnJCMHBINDNRVkhoUW5lSUg4T1M0MkplV3VHellPb1BMbkE1aFYwOGVSajVjUHY3czE4T0VpenZiYzMvM2dWZUlFWDF4eGUyeUNsTGtyTTl0U0xqVVpObXJyd0Zsbmd6WUVrQ3FFZGtGUHI5UEFheFplUWRKRWo0ZENCVT0gbWlra29AdmlydHVhbC1tYWNoaW5lCiAgICBzaGVsbDogL2Jpbi9iYXNo",
              "userdata.encoding": "base64"
            },
            "guestos": "ubuntu-64",
            "host_ovf": null,
            "id": "57",
            "ip_address": "192.168.1.82",
            "memsize": "2048",
            "network_interfaces": [
              {
                "mac_address": "",
                "nic_type": "e1000",
                "virtual_network": "VM Network"
              }
            ],
            "notes": "",
            "numvcpus": "1",
            "ovf_properties": [],
            "ovf_properties_timer": 90,
            "ovf_source": "https://cloud-images.ubuntu.com/releases/24.04/release/ubuntu-24.04-server-cloudimg-amd64.ova",
            "power": "on",
            "resource_pool_name": "/",
            "virthwver": "10",
            "virtual_disks": []
          },
          "sensitive_attributes": [],
          "private": "bnVsbA=="
        }
      ]
    },
    {
      "mode": "managed",
      "type": "esxi_guest",
      "name": "webservers",
      "provider": "provider[\"registry.terraform.io/josenk/esxi\"]",
      "instances": [
        {
          "index_key": 0,
          "schema_version": 0,
          "attributes": {
            "boot_disk_size": null,
            "boot_disk_type": "thin",
            "boot_firmware": "bios",
            "clone_from_vm": null,
            "disk_store": "Datastore",
            "guest_name": "webserver_1",
            "guest_shutdown_timeout": 20,
            "guest_startup_timeout": 120,
            "guestinfo": {
              "metadata": "CiNjbG91ZC1jb25maWcKbG9jYWwtaG9zdG5hbWU6IHdlYnNlcnZlcg==",
              "metadata.encoding": "base64",
              "userdata": "I2Nsb3VkLWNvbmZpZwoKcGFja2FnZXM6CiAgLSB3Z2V0CiAgLSBudHBkYXRlCgp1c2VyczoKICAtIG5hbWU6IG1pa2tvCiAgICBzdWRvOiBbICJBTEw9KEFMTCkgTk9QQVNTV0Q6QUxMIiBdCiAgICBzc2gtYXV0aG9yaXplZC1rZXlzOgogICAgICAtIHNzaC1lZDI1NTE5IEFBQUFDM056YUMxbFpESTFOVEU1QUFBQUlIdEdzbTZldmNYUGhOMlVoYjdHVllJeW5VUERRWnV2MVNSN2ZLeWJQRm12IGxleHd1QERFU0tUT1AtS0lFUFRDRgogICAgICAtIHNzaC1lZDI1NTE5IEFBQUFDM056YUMxbFpESTFOVEU1QUFBQUlPSUNvUkpzWWJhZFRDaXdnODJTaktDNzJwWGIxeUFmUjl6U2dmeGFVQ00wIG1pa2tvQG1pa2tvLVhQUzEzLTkzMzMKICAgICAgLSBzc2gtZWQyNTUxOSBBQUFBQzNOemFDMWxaREkxTlRFNUFBQUFJSjNtNGNLT3lCYkNMZnJHOUt5VDlsYWtMcG5aNGhZanVzY05rdjAwc005byBtaWtrb0BERVNLVE9QLUtJRVBUQ0YKICAgICAgLSBzc2gtcnNhIEFBQUFCM056YUMxeWMyRUFBQUFEQVFBQkFBQUJnUURkaVdjdTZWdEhNOENpdjBZeEN3MEdwNHVmYmEyWUdMMzVmSVYwR2R5NGRpNVU0U2pnRmZ2eUV5UTNtSXhtSFQ0MDVDMGpyTUw2SFpGc3htR3V0dElNQ29PbFdhd2c5a3FNcHBxbEJFVXpGRUY5cmhndGdmYXdIU3FSdFgwUURHWmR6SkdjbEloNE8yYUd1cGRZajluMjhFWmYyRzZLMFpoOFY2QW4zRkxLYUtubmFnSW90aE5FZkFNS2hYQzVyc1psQmZOemtvTzBBdVYva2V0VXpaMkh3V0VNalYwNjVTWVdMbUk2RnA2ems2cVNrV0xDamNwTmxTUEhzWndweTh6OG04WHZWaGx6UTFBRmwzWURoajJGb3JBUDZBY3JYQU5MUlBSSDFSV0VFL0dDV2w4NUFuMTE0c0VmYjJoV0dRdDNFMzNNanUvY0lMN0dWUWJzeUg1VXFlOWtySm8xcDEyNkgzbC9YUzZnQklZTWJPOC95bFB5WDNmT0gwNWxjNTJWcWU3RnJCMHBINDNRVkhoUW5lSUg4T1M0MkplV3VHellPb1BMbkE1aFYwOGVSajVjUHY3czE4T0VpenZiYzMvM2dWZUlFWDF4eGUyeUNsTGtyTTl0U0xqVVpObXJyd0Zsbmd6WUVrQ3FFZGtGUHI5UEFheFplUWRKRWo0ZENCVT0gbWlra29AdmlydHVhbC1tYWNoaW5lCiAgICBzaGVsbDogL2Jpbi9iYXNo",
              "userdata.encoding": "base64"
            },
            "guestos": "ubuntu-64",
            "host_ovf": null,
            "id": "58",
            "ip_address": "192.168.1.81",
            "memsize": "2048",
            "network_interfaces": [
              {
                "mac_address": "",
                "nic_type": "e1000",
                "virtual_network": "VM Network"
              }
            ],
            "notes": "",
            "numvcpus": "1",
            "ovf_properties": [],
            "ovf_properties_timer": 90,
            "ovf_source": "https://cloud-images.ubuntu.com/releases/24.04/release/ubuntu-24.04-server-cloudimg-amd64.ova",
            "power": "on",
            "resource_pool_name": "/",
            "virthwver": "10",
            "virtual_disks": []
          },
          "sensitive_attributes": [],
          "private": "bnVsbA=="
        }
      ]
    },
    {
      "mode": "managed",
      "type": "local_file",
      "name": "vm_ips",
      "provider": "provider[\"registry.terraform.io/hashicorp/local\"]",
      "instances": [
        {
          "schema_version": 0,
          "attributes": {
            "content": "[webservers]\n192.168.1.81\n[database_servers]\n192.168.1.82\n",
            "content_base64": null,
            "content_base64sha256": "eDYdnBP099IvGxIxhZV2AgfdR40xJC4PFC70UBTFXOs=",
            "content_base64sha512": "1/UbyBekdwYDe0ovt/oRrBwOF0T6xCzU0ETUrzNWBG9ft0HMZj1UGohbydvjXuRKmK82ymlsWnjKhvMavuzulA==",
            "content_md5": "5a0882651908d0510043e87cf1d7666d",
            "content_sha1": "412b19e6e7ddd4893f50c2ec4865f3a47b68fddf",
            "content_sha256": "78361d9c13f4f7d22f1b12318595760207dd478d31242e0f142ef45014c55ceb",
            "content_sha512": "d7f51bc817a47706037b4a2fb7fa11ac1c0e1744fac42cd4d044d4af3356046f5fb741cc663d541a885bc9dbe35ee44a98af36ca696c5a78ca86f31abeecee94",
            "directory_permission": "0777",
            "file_permission": "0777",
            "filename": "inventory.ini",
            "id": "412b19e6e7ddd4893f50c2ec4865f3a47b68fddf",
            "sensitive_content": null,
            "source": null
          },
          "sensitive_attributes": [
            [
              {
                "type": "get_attr",
                "value": "sensitive_content"
              }
            ]
          ],
          "dependencies": [
            "esxi_guest.database_servers",
            "esxi_guest.webservers"
          ]
        }
      ]
    }
  ],
  "check_results": null
}
